
Microsoft Visual Studio Solution File, Format Version 12.00
# Visual Studio 14
VisualStudioVersion = 14.0.24720.0
MinimumVisualStudioVersion = 10.0.40219.1
Project("{2150E333-8FDC-42A3-9474-1A3956D46DE8}") = "Shared", "Shared", "{34E33EC5-45BE-4230-B9FE-7273294869CD}"
EndProject
Project("{2150E333-8FDC-42A3-9474-1A3956D46DE8}") = "Web Api", "Web Api", "{ADFC1FF7-93F2-47C8-9E0E-AF96E3260BEA}"
EndProject
Project("{2150E333-8FDC-42A3-9474-1A3956D46DE8}") = "Web", "Web", "{8DBD5A5E-661C-4AF1-AA35-932918039450}"
EndProject
Project("{FAE04EC0-301F-11D3-BF4B-00C04F79EFBC}") = "Gbmono.IO", "Shared\Gbmono.IO\Gbmono.IO.csproj", "{9F0FE25D-E6E2-44DC-A7D7-EF187B6EF66C}"
EndProject
Project("{FAE04EC0-301F-11D3-BF4B-00C04F79EFBC}") = "Gbmono.Common", "Shared\Gbmono.Common\Gbmono.Common.csproj", "{89556511-06A5-40B1-A0B6-1B25E830B297}"
EndProject
Project("{FAE04EC0-301F-11D3-BF4B-00C04F79EFBC}") = "Gbmono.EF", "Shared\Gbmono.EF\Gbmono.EF.csproj", "{25E50AF1-7433-42EE-A5FA-ED1F1AC8466A}"
EndProject
Project("{FAE04EC0-301F-11D3-BF4B-00C04F79EFBC}") = "Gbmono.Api", "Web Api\Gbmono.Api\Gbmono.Api.csproj", "{67E4F94A-998D-4ECD-814B-18F59B3639D2}"
EndProject
Project("{FAE04EC0-301F-11D3-BF4B-00C04F79EFBC}") = "Gbmono.Api.Admin", "Web Api\Gbmono.Api.Admin\Gbmono.Api.Admin.csproj", "{C640854E-8431-4E48-A320-52FF704793D0}"
EndProject
Project("{E24C65DC-7377-472B-9ABA-BC803B73C61A}") = "Gbmono.Web", "Web\Gbmono.Web\", "{01070236-CF36-4E18-9CA3-0B3CB6FD6D96}"
	ProjectSection(WebsiteProperties) = preProject
		TargetFrameworkMoniker = ".NETFramework,Version%3Dv4.5.2"
		Debug.AspNetCompiler.VirtualPath = "/localhost_2251"
		Debug.AspNetCompiler.PhysicalPath = "Web\Gbmono.Web\"
		Debug.AspNetCompiler.TargetPath = "PrecompiledWeb\localhost_2251\"
		Debug.AspNetCompiler.Updateable = "true"
		Debug.AspNetCompiler.ForceOverwrite = "true"
		Debug.AspNetCompiler.FixedNames = "false"
		Debug.AspNetCompiler.Debug = "True"
		Release.AspNetCompiler.VirtualPath = "/localhost_2251"
		Release.AspNetCompiler.PhysicalPath = "Web\Gbmono.Web\"
		Release.AspNetCompiler.TargetPath = "PrecompiledWeb\localhost_2251\"
		Release.AspNetCompiler.Updateable = "true"
		Release.AspNetCompiler.ForceOverwrite = "true"
		Release.AspNetCompiler.FixedNames = "false"
		Release.AspNetCompiler.Debug = "False"
		VWDPort = "2251"
		SlnRelativePath = "Web\Gbmono.Web\"
		DefaultWebSiteLanguage = "Visual C#"
	EndProjectSection
EndProject
Project("{E24C65DC-7377-472B-9ABA-BC803B73C61A}") = "Gbmono.Web.Admin", "Web\Gbmono.Web.Admin\", "{151C45D4-80AD-428A-B9FC-9D0403BA6724}"
	ProjectSection(WebsiteProperties) = preProject
		TargetFrameworkMoniker = ".NETFramework,Version%3Dv4.5.2"
		Debug.AspNetCompiler.VirtualPath = "/localhost_2259"
		Debug.AspNetCompiler.PhysicalPath = "Web\Gbmono.Web.Admin\"
		Debug.AspNetCompiler.TargetPath = "PrecompiledWeb\localhost_2259\"
		Debug.AspNetCompiler.Updateable = "true"
		Debug.AspNetCompiler.ForceOverwrite = "true"
		Debug.AspNetCompiler.FixedNames = "false"
		Debug.AspNetCompiler.Debug = "True"
		Release.AspNetCompiler.VirtualPath = "/localhost_2259"
		Release.AspNetCompiler.PhysicalPath = "Web\Gbmono.Web.Admin\"
		Release.AspNetCompiler.TargetPath = "PrecompiledWeb\localhost_2259\"
		Release.AspNetCompiler.Updateable = "true"
		Release.AspNetCompiler.ForceOverwrite = "true"
		Release.AspNetCompiler.FixedNames = "false"
		Release.AspNetCompiler.Debug = "False"
		VWDPort = "2259"
		SlnRelativePath = "Web\Gbmono.Web.Admin\"
		DefaultWebSiteLanguage = "Visual C#"
	EndProjectSection
EndProject
Project("{2150E333-8FDC-42A3-9474-1A3956D46DE8}") = "Search", "Search", "{2041A060-45FB-477E-A776-A08DA0B5D747}"
EndProject
Project("{FAE04EC0-301F-11D3-BF4B-00C04F79EFBC}") = "Gbmono.Search.IndexBuilder", "Shared\Gbmono.Search.IndexBuilder\Gbmono.Search.IndexBuilder.csproj", "{4C66C6EF-A8AB-4BD0-8099-9A41E3D024FE}"
EndProject
Project("{FAE04EC0-301F-11D3-BF4B-00C04F79EFBC}") = "Gbmono.Search.IndexManager", "Shared\Gbmono.Search.IndexManager\Gbmono.Search.IndexManager.csproj", "{CCFAB03B-77DE-4DA4-9E58-88F6D6ED7313}"
EndProject
Project("{FAE04EC0-301F-11D3-BF4B-00C04F79EFBC}") = "Gbmono.Search.Utils", "Shared\Gbmono.Search.Utils\Gbmono.Search.Utils.csproj", "{778C29D8-194A-48E8-BBE4-24EC07EA6971}"
EndProject
Project("{FAE04EC0-301F-11D3-BF4B-00C04F79EFBC}") = "Gbmono.Search.ViewModel", "Shared\Gbmono.Search.ViewModel\Gbmono.Search.ViewModel.csproj", "{A5DE2C79-ABDA-445B-86EE-F49AA788AEE2}"
EndProject
Project("{2150E333-8FDC-42A3-9474-1A3956D46DE8}") = "Utils", "Utils", "{4CCDDF28-1837-4E86-8A8B-AD39225227C4}"
EndProject
Project("{FAE04EC0-301F-11D3-BF4B-00C04F79EFBC}") = "Gbmono.Utils.ProductDataImporter", "Utils\Gbmono.Utils.ProductDataImporter\Gbmono.Utils.ProductDataImporter.csproj", "{C628FB50-D68C-41F7-BC20-2C2168B2B225}"
EndProject
Project("{2150E333-8FDC-42A3-9474-1A3956D46DE8}") = "Crawler", "Crawler", "{8DC1F340-7BD4-45F4-BA80-CE10BE51FD8B}"
EndProject
Project("{FAE04EC0-301F-11D3-BF4B-00C04F79EFBC}") = "Gbmono.Crawler.AdapterInterface", "Crawler\Gbmono.Crawler.AdapterInterface\Gbmono.Crawler.AdapterInterface.csproj", "{9C95F627-D79E-4995-94D2-EE8CF95CC292}"
EndProject
Project("{FAE04EC0-301F-11D3-BF4B-00C04F79EFBC}") = "Gbmono.CrawlerDB", "Crawler\Gbmono.CrawlerDB\Gbmono.CrawlerDB.csproj", "{09E49B72-91DF-43EE-A516-1C6D583D8360}"
EndProject
Project("{FAE04EC0-301F-11D3-BF4B-00C04F79EFBC}") = "Gbmono.CrawlerModel", "Crawler\Gbmono.CrawlerModel\Gbmono.CrawlerModel.csproj", "{2BEB8DC6-3DEF-4AC7-933B-6AFF7AAA30A0}"
EndProject
Project("{FAE04EC0-301F-11D3-BF4B-00C04F79EFBC}") = "NCrawler", "Crawler\NCrawler\NCrawler.csproj", "{5E4DF149-F650-4152-8410-586FB9CCF644}"
EndProject
Global
	GlobalSection(SolutionConfigurationPlatforms) = preSolution
		Content12|Any CPU = Content12|Any CPU
		Debug|Any CPU = Debug|Any CPU
		Release|Any CPU = Release|Any CPU
	EndGlobalSection
	GlobalSection(ProjectConfigurationPlatforms) = postSolution
		{9F0FE25D-E6E2-44DC-A7D7-EF187B6EF66C}.Content12|Any CPU.ActiveCfg = Release|Any CPU
		{9F0FE25D-E6E2-44DC-A7D7-EF187B6EF66C}.Content12|Any CPU.Build.0 = Release|Any CPU
		{9F0FE25D-E6E2-44DC-A7D7-EF187B6EF66C}.Debug|Any CPU.ActiveCfg = Debug|Any CPU
		{9F0FE25D-E6E2-44DC-A7D7-EF187B6EF66C}.Debug|Any CPU.Build.0 = Debug|Any CPU
		{9F0FE25D-E6E2-44DC-A7D7-EF187B6EF66C}.Release|Any CPU.ActiveCfg = Release|Any CPU
		{9F0FE25D-E6E2-44DC-A7D7-EF187B6EF66C}.Release|Any CPU.Build.0 = Release|Any CPU
		{89556511-06A5-40B1-A0B6-1B25E830B297}.Content12|Any CPU.ActiveCfg = Release|Any CPU
		{89556511-06A5-40B1-A0B6-1B25E830B297}.Content12|Any CPU.Build.0 = Release|Any CPU
		{89556511-06A5-40B1-A0B6-1B25E830B297}.Debug|Any CPU.ActiveCfg = Debug|Any CPU
		{89556511-06A5-40B1-A0B6-1B25E830B297}.Debug|Any CPU.Build.0 = Debug|Any CPU
		{89556511-06A5-40B1-A0B6-1B25E830B297}.Release|Any CPU.ActiveCfg = Release|Any CPU
		{89556511-06A5-40B1-A0B6-1B25E830B297}.Release|Any CPU.Build.0 = Release|Any CPU
		{25E50AF1-7433-42EE-A5FA-ED1F1AC8466A}.Content12|Any CPU.ActiveCfg = Release|Any CPU
		{25E50AF1-7433-42EE-A5FA-ED1F1AC8466A}.Content12|Any CPU.Build.0 = Release|Any CPU
		{25E50AF1-7433-42EE-A5FA-ED1F1AC8466A}.Debug|Any CPU.ActiveCfg = Debug|Any CPU
		{25E50AF1-7433-42EE-A5FA-ED1F1AC8466A}.Debug|Any CPU.Build.0 = Debug|Any CPU
		{25E50AF1-7433-42EE-A5FA-ED1F1AC8466A}.Release|Any CPU.ActiveCfg = Release|Any CPU
		{25E50AF1-7433-42EE-A5FA-ED1F1AC8466A}.Release|Any CPU.Build.0 = Release|Any CPU
		{67E4F94A-998D-4ECD-814B-18F59B3639D2}.Content12|Any CPU.ActiveCfg = Release|Any CPU
		{67E4F94A-998D-4ECD-814B-18F59B3639D2}.Content12|Any CPU.Build.0 = Release|Any CPU
		{67E4F94A-998D-4ECD-814B-18F59B3639D2}.Debug|Any CPU.ActiveCfg = Debug|Any CPU
		{67E4F94A-998D-4ECD-814B-18F59B3639D2}.Debug|Any CPU.Build.0 = Debug|Any CPU
		{67E4F94A-998D-4ECD-814B-18F59B3639D2}.Release|Any CPU.ActiveCfg = Release|Any CPU
		{67E4F94A-998D-4ECD-814B-18F59B3639D2}.Release|Any CPU.Build.0 = Release|Any CPU
		{C640854E-8431-4E48-A320-52FF704793D0}.Content12|Any CPU.ActiveCfg = Release|Any CPU
		{C640854E-8431-4E48-A320-52FF704793D0}.Content12|Any CPU.Build.0 = Release|Any CPU
		{C640854E-8431-4E48-A320-52FF704793D0}.Debug|Any CPU.ActiveCfg = Debug|Any CPU
		{C640854E-8431-4E48-A320-52FF704793D0}.Debug|Any CPU.Build.0 = Debug|Any CPU
		{C640854E-8431-4E48-A320-52FF704793D0}.Release|Any CPU.ActiveCfg = Release|Any CPU
		{C640854E-8431-4E48-A320-52FF704793D0}.Release|Any CPU.Build.0 = Release|Any CPU
		{01070236-CF36-4E18-9CA3-0B3CB6FD6D96}.Content12|Any CPU.ActiveCfg = Debug|Any CPU
		{01070236-CF36-4E18-9CA3-0B3CB6FD6D96}.Content12|Any CPU.Build.0 = Debug|Any CPU
		{01070236-CF36-4E18-9CA3-0B3CB6FD6D96}.Debug|Any CPU.ActiveCfg = Debug|Any CPU
		{01070236-CF36-4E18-9CA3-0B3CB6FD6D96}.Debug|Any CPU.Build.0 = Debug|Any CPU
		{01070236-CF36-4E18-9CA3-0B3CB6FD6D96}.Release|Any CPU.ActiveCfg = Debug|Any CPU
		{01070236-CF36-4E18-9CA3-0B3CB6FD6D96}.Release|Any CPU.Build.0 = Debug|Any CPU
		{151C45D4-80AD-428A-B9FC-9D0403BA6724}.Content12|Any CPU.ActiveCfg = Debug|Any CPU
		{151C45D4-80AD-428A-B9FC-9D0403BA6724}.Content12|Any CPU.Build.0 = Debug|Any CPU
		{151C45D4-80AD-428A-B9FC-9D0403BA6724}.Debug|Any CPU.ActiveCfg = Debug|Any CPU
		{151C45D4-80AD-428A-B9FC-9D0403BA6724}.Debug|Any CPU.Build.0 = Debug|Any CPU
		{151C45D4-80AD-428A-B9FC-9D0403BA6724}.Release|Any CPU.ActiveCfg = Debug|Any CPU
		{151C45D4-80AD-428A-B9FC-9D0403BA6724}.Release|Any CPU.Build.0 = Debug|Any CPU
		{4C66C6EF-A8AB-4BD0-8099-9A41E3D024FE}.Content12|Any CPU.ActiveCfg = Release|Any CPU
		{4C66C6EF-A8AB-4BD0-8099-9A41E3D024FE}.Content12|Any CPU.Build.0 = Release|Any CPU
		{4C66C6EF-A8AB-4BD0-8099-9A41E3D024FE}.Debug|Any CPU.ActiveCfg = Debug|Any CPU
		{4C66C6EF-A8AB-4BD0-8099-9A41E3D024FE}.Debug|Any CPU.Build.0 = Debug|Any CPU
		{4C66C6EF-A8AB-4BD0-8099-9A41E3D024FE}.Release|Any CPU.ActiveCfg = Release|Any CPU
		{4C66C6EF-A8AB-4BD0-8099-9A41E3D024FE}.Release|Any CPU.Build.0 = Release|Any CPU
		{CCFAB03B-77DE-4DA4-9E58-88F6D6ED7313}.Content12|Any CPU.ActiveCfg = Release|Any CPU
		{CCFAB03B-77DE-4DA4-9E58-88F6D6ED7313}.Content12|Any CPU.Build.0 = Release|Any CPU
		{CCFAB03B-77DE-4DA4-9E58-88F6D6ED7313}.Debug|Any CPU.ActiveCfg = Debug|Any CPU
		{CCFAB03B-77DE-4DA4-9E58-88F6D6ED7313}.Debug|Any CPU.Build.0 = Debug|Any CPU
		{CCFAB03B-77DE-4DA4-9E58-88F6D6ED7313}.Release|Any CPU.ActiveCfg = Release|Any CPU
		{CCFAB03B-77DE-4DA4-9E58-88F6D6ED7313}.Release|Any CPU.Build.0 = Release|Any CPU
		{778C29D8-194A-48E8-BBE4-24EC07EA6971}.Content12|Any CPU.ActiveCfg = Release|Any CPU
		{778C29D8-194A-48E8-BBE4-24EC07EA6971}.Content12|Any CPU.Build.0 = Release|Any CPU
		{778C29D8-194A-48E8-BBE4-24EC07EA6971}.Debug|Any CPU.ActiveCfg = Debug|Any CPU
		{778C29D8-194A-48E8-BBE4-24EC07EA6971}.Debug|Any CPU.Build.0 = Debug|Any CPU
		{778C29D8-194A-48E8-BBE4-24EC07EA6971}.Release|Any CPU.ActiveCfg = Release|Any CPU
		{778C29D8-194A-48E8-BBE4-24EC07EA6971}.Release|Any CPU.Build.0 = Release|Any CPU
		{A5DE2C79-ABDA-445B-86EE-F49AA788AEE2}.Content12|Any CPU.ActiveCfg = Release|Any CPU
		{A5DE2C79-ABDA-445B-86EE-F49AA788AEE2}.Content12|Any CPU.Build.0 = Release|Any CPU
		{A5DE2C79-ABDA-445B-86EE-F49AA788AEE2}.Debug|Any CPU.ActiveCfg = Debug|Any CPU
		{A5DE2C79-ABDA-445B-86EE-F49AA788AEE2}.Debug|Any CPU.Build.0 = Debug|Any CPU
		{A5DE2C79-ABDA-445B-86EE-F49AA788AEE2}.Release|Any CPU.ActiveCfg = Release|Any CPU
		{A5DE2C79-ABDA-445B-86EE-F49AA788AEE2}.Release|Any CPU.Build.0 = Release|Any CPU
		{C628FB50-D68C-41F7-BC20-2C2168B2B225}.Content12|Any CPU.ActiveCfg = Release|Any CPU
		{C628FB50-D68C-41F7-BC20-2C2168B2B225}.Content12|Any CPU.Build.0 = Release|Any CPU
		{C628FB50-D68C-41F7-BC20-2C2168B2B225}.Debug|Any CPU.ActiveCfg = Debug|Any CPU
		{C628FB50-D68C-41F7-BC20-2C2168B2B225}.Debug|Any CPU.Build.0 = Debug|Any CPU
		{C628FB50-D68C-41F7-BC20-2C2168B2B225}.Release|Any CPU.ActiveCfg = Release|Any CPU
		{C628FB50-D68C-41F7-BC20-2C2168B2B225}.Release|Any CPU.Build.0 = Release|Any CPU
		{9C95F627-D79E-4995-94D2-EE8CF95CC292}.Content12|Any CPU.ActiveCfg = Content12|Any CPU
		{9C95F627-D79E-4995-94D2-EE8CF95CC292}.Content12|Any CPU.Build.0 = Content12|Any CPU
		{9C95F627-D79E-4995-94D2-EE8CF95CC292}.Debug|Any CPU.ActiveCfg = Debug|Any CPU
		{9C95F627-D79E-4995-94D2-EE8CF95CC292}.Debug|Any CPU.Build.0 = Debug|Any CPU
		{9C95F627-D79E-4995-94D2-EE8CF95CC292}.Release|Any CPU.ActiveCfg = Release|Any CPU
		{9C95F627-D79E-4995-94D2-EE8CF95CC292}.Release|Any CPU.Build.0 = Release|Any CPU
		{09E49B72-91DF-43EE-A516-1C6D583D8360}.Content12|Any CPU.ActiveCfg = Content12|Any CPU
		{09E49B72-91DF-43EE-A516-1C6D583D8360}.Content12|Any CPU.Build.0 = Content12|Any CPU
		{09E49B72-91DF-43EE-A516-1C6D583D8360}.Debug|Any CPU.ActiveCfg = Debug|Any CPU
		{09E49B72-91DF-43EE-A516-1C6D583D8360}.Debug|Any CPU.Build.0 = Debug|Any CPU
		{09E49B72-91DF-43EE-A516-1C6D583D8360}.Release|Any CPU.ActiveCfg = Release|Any CPU
		{09E49B72-91DF-43EE-A516-1C6D583D8360}.Release|Any CPU.Build.0 = Release|Any CPU
		{2BEB8DC6-3DEF-4AC7-933B-6AFF7AAA30A0}.Content12|Any CPU.ActiveCfg = Content12|Any CPU
		{2BEB8DC6-3DEF-4AC7-933B-6AFF7AAA30A0}.Content12|Any CPU.Build.0 = Content12|Any CPU
		{2BEB8DC6-3DEF-4AC7-933B-6AFF7AAA30A0}.Debug|Any CPU.ActiveCfg = Debug|Any CPU
		{2BEB8DC6-3DEF-4AC7-933B-6AFF7AAA30A0}.Debug|Any CPU.Build.0 = Debug|Any CPU
		{2BEB8DC6-3DEF-4AC7-933B-6AFF7AAA30A0}.Release|Any CPU.ActiveCfg = Release|Any CPU
		{2BEB8DC6-3DEF-4AC7-933B-6AFF7AAA30A0}.Release|Any CPU.Build.0 = Release|Any CPU
		{5E4DF149-F650-4152-8410-586FB9CCF644}.Content12|Any CPU.ActiveCfg = Content12|Any CPU
		{5E4DF149-F650-4152-8410-586FB9CCF644}.Content12|Any CPU.Build.0 = Content12|Any CPU
		{5E4DF149-F650-4152-8410-586FB9CCF644}.Debug|Any CPU.ActiveCfg = Debug|Any CPU
		{5E4DF149-F650-4152-8410-586FB9CCF644}.Debug|Any CPU.Build.0 = Debug|Any CPU
		{5E4DF149-F650-4152-8410-586FB9CCF644}.Release|Any CPU.ActiveCfg = Release|Any CPU
		{5E4DF149-F650-4152-8410-586FB9CCF644}.Release|Any CPU.Build.0 = Release|Any CPU
	EndGlobalSection
	GlobalSection(SolutionProperties) = preSolution
		HideSolutionNode = FALSE
	EndGlobalSection
	GlobalSection(NestedProjects) = preSolution
		{9F0FE25D-E6E2-44DC-A7D7-EF187B6EF66C} = {34E33EC5-45BE-4230-B9FE-7273294869CD}
		{89556511-06A5-40B1-A0B6-1B25E830B297} = {34E33EC5-45BE-4230-B9FE-7273294869CD}
		{25E50AF1-7433-42EE-A5FA-ED1F1AC8466A} = {34E33EC5-45BE-4230-B9FE-7273294869CD}
		{67E4F94A-998D-4ECD-814B-18F59B3639D2} = {ADFC1FF7-93F2-47C8-9E0E-AF96E3260BEA}
		{C640854E-8431-4E48-A320-52FF704793D0} = {ADFC1FF7-93F2-47C8-9E0E-AF96E3260BEA}
		{01070236-CF36-4E18-9CA3-0B3CB6FD6D96} = {8DBD5A5E-661C-4AF1-AA35-932918039450}
		{151C45D4-80AD-428A-B9FC-9D0403BA6724} = {8DBD5A5E-661C-4AF1-AA35-932918039450}
		{4C66C6EF-A8AB-4BD0-8099-9A41E3D024FE} = {2041A060-45FB-477E-A776-A08DA0B5D747}
		{CCFAB03B-77DE-4DA4-9E58-88F6D6ED7313} = {2041A060-45FB-477E-A776-A08DA0B5D747}
		{778C29D8-194A-48E8-BBE4-24EC07EA6971} = {2041A060-45FB-477E-A776-A08DA0B5D747}
		{A5DE2C79-ABDA-445B-86EE-F49AA788AEE2} = {2041A060-45FB-477E-A776-A08DA0B5D747}
		{C628FB50-D68C-41F7-BC20-2C2168B2B225} = {4CCDDF28-1837-4E86-8A8B-AD39225227C4}
		{9C95F627-D79E-4995-94D2-EE8CF95CC292} = {8DC1F340-7BD4-45F4-BA80-CE10BE51FD8B}
		{09E49B72-91DF-43EE-A516-1C6D583D8360} = {8DC1F340-7BD4-45F4-BA80-CE10BE51FD8B}
		{2BEB8DC6-3DEF-4AC7-933B-6AFF7AAA30A0} = {8DC1F340-7BD4-45F4-BA80-CE10BE51FD8B}
		{5E4DF149-F650-4152-8410-586FB9CCF644} = {8DC1F340-7BD4-45F4-BA80-CE10BE51FD8B}
	EndGlobalSection
EndGlobal
